
Microsoft Visual Studio Solution File, Format Version 11.00
# Visual Studio 2010
Project("{FAE04EC0-301F-11D3-BF4B-00C04F79EFBC}") = "Web", "Web\Web.csproj", "{7D51E93C-A98C-4BCA-8DE4-67589FF5BBFB}"
EndProject
Project("{FAE04EC0-301F-11D3-BF4B-00C04F79EFBC}") = "Common", "Common\Common.csproj", "{6B7337A0-1201-41B4-BA51-08BFEAA37E37}"
EndProject
Global
	GlobalSection(SolutionConfigurationPlatforms) = preSolution
		Debug|Any CPU = Debug|Any CPU
		Release|Any CPU = Release|Any CPU
	EndGlobalSection
	GlobalSection(ProjectConfigurationPlatforms) = postSolution
		{7D51E93C-A98C-4BCA-8DE4-67589FF5BBFB}.Debug|Any CPU.ActiveCfg = Debug|Any CPU
		{7D51E93C-A98C-4BCA-8DE4-67589FF5BBFB}.Debug|Any CPU.Build.0 = Debug|Any CPU
		{7D51E93C-A98C-4BCA-8DE4-67589FF5BBFB}.Release|Any CPU.ActiveCfg = Release|Any CPU
		{7D51E93C-A98C-4BCA-8DE4-67589FF5BBFB}.Release|Any CPU.Build.0 = Release|Any CPU
		{6B7337A0-1201-41B4-BA51-08BFEAA37E37}.Debug|Any CPU.ActiveCfg = Debug|Any CPU
		{6B7337A0-1201-41B4-BA51-08BFEAA37E37}.Debug|Any CPU.Build.0 = Debug|Any CPU
		{6B7337A0-1201-41B4-BA51-08BFEAA37E37}.Release|Any CPU.ActiveCfg = Release|Any CPU
		{6B7337A0-1201-41B4-BA51-08BFEAA37E37}.Release|Any CPU.Build.0 = Release|Any CPU
	EndGlobalSection
	GlobalSection(SolutionProperties) = preSolution
		HideSolutionNode = FALSE
	EndGlobalSection
EndGlobal
